version = 1
revision = 5
requires-python = "==3.11.*"

[[package]]
name = "ast-serialize"
version = "0.12.0"
source = { registry = "https://pypi.org/simple" }
sdist = { url = "https://files.pythonhosted.org/packages/19/e8/abf7ec836db05a218810bb83f92a7ddf66d91f08728668b6f5880ca3e23c/ast_serialize-0.12.0.tar.gz", hash = "sha256:080fa7e0393305b1c0565a79bdd6457de636fee4a07e02382eaa6ce583fc6375", size = 954475, upload-time = "2026-10-02T15:13:17.39Z" }
wheels = [
    { url = "https://files.pythonhosted.org/packages/4b/07/d48a1ed4afb05b9fa0f1c61fee7e7ea4ed23d03c45a20d9d6ecc1df03ad1/ast_serialize-0.12.0-cp315-abi3.abi3t-macosx_10_12_x86_64.whl", hash = "sha256:0d10b1232b92233e6f226c60c488e2f7395e710b468fac65caf532f1f93be0bf", size = 1235406, upload-time = "2026-10-02T15:12:16.399Z" },
    { url = "https://files.pythonhosted.org/packages/35/8f/1565b1b3a0aa7f84444158e3d02304255f2d59128cd1f7150ef6528ab36d/ast_serialize-0.12.0-cp315-abi3.abi3t-macosx_11_0_arm64.whl", hash = "sha256:c15f1b34c294e1ae18246a1d04701db92542a8d3b275967667e874096b4f4a52", size = 1215688, upload-time = "2026-10-02T15:12:17.857Z" },
    { url = "https://files.pythonhosted.org/packages/e3/69/d33e0d95d02b24b1c9a48ab7ec2f25698f632d1d57641a4cd22d16e0e892/ast_serialize-0.12.0-cp315-abi3.abi3t-manylinux_2_17_aarch64.manylinux2014_aarch64.whl", hash = "sha256:0faf72bdc149cbd9ad19d72c12a014c4e04b8a6f8a5e7b088c338585490ca874", size = 1282073, upload-time = "2026-10-02T15:12:19.455Z" },
    { url = "https://files.pythonhosted.org/packages/14/c7/4ee6263e541954da24ede61be5f5be54582e566fbec9acf8280fc945c023/ast_serialize-0.12.0-cp315-abi3.abi3t-manylinux_2_17_armv7l.manylinux2014_armv7l.whl", hash = "sha256:9bb3fb64115a2e159270b6e90026f352c5f2e9d814a136a5d3ad69a317ec7576", size = 1286622, upload-time = "2026-10-02T15:12:21.148Z" },
    { url = "https://files.pythonhosted.org/packages/27/98/5a0d7e6c0e03a4f05ce13d950148226a5f288409ca6c74e6296bf0cd50d9/ast_serialize-0.12.0-cp315-abi3.abi3t-manylinux_2_17_ppc64le.manylinux2014_ppc64le.whl", hash = "sha256:34b7c87141e9d2e2589072796a88c146cb3750d0560ee7b21d0a1288dbaaeabd", size = 1531870, upload-time = "2026-10-02T15:12:22.573Z" },
    { url = "https://files.pythonhosted.org/packages/b2/fc/e10cdb67a8dd8aabad6a9c7aa84f70a3bbf524a6db8a2ff68ead17a868ff/ast_serialize-0.12.0-cp315-abi3.abi3t-manylinux_2_17_s390x.manylinux2014_s390x.whl", hash = "sha256:779b68a10067da4f7864927f666c404a46634efea5629d295923a7fd5aca2337", size = 1308024, upload-time = "2026-10-02T15:12:24.114Z" },
    { url = "https://files.pythonhosted.org/packages/63/93/edd7c6f1725cb7b9499820709c92c85268fb4d72d23e67290a2187e17822/ast_serialize-0.12.0-cp315-abi3.abi3t-manylinux_2_17_x86_64.manylinux2014_x86_64.whl", hash = "sha256:d0b4f858c02b57b93763e53c0dde36d3ddeb9e5abc098573d96461b34377d550", size = 1302016, upload-time = "2026-10-02T15:12:25.593Z" },
    { url = "https://files.pythonhosted.org/packages/6b/d6/1cd43a5eca85b76b700313b23a215325cb237ecbc2a8b74f267b9f99e777/ast_serialize-0.12.0-cp315-abi3.abi3t-manylinux_2_31_riscv64.whl", hash = "sha256:00b864398e6d300c435825cdb4cc7e652aed5cb8865810f5150cb90540a056e9", size = 1298975, upload-time = "2026-10-02T15:12:27.103Z" },
    { url = "https://files.pythonhosted.org/packages/46/ea/1fb8588db125352c13fecad107c98c9f2e21f56ddc29c1317a7e68fa5c97/ast_serialize-0.12.0-cp315-abi3.abi3t-manylinux_2_5_i686.manylinux1_i686.whl", hash = "sha256:a973163e0e2c488cc547752028f40c931d96a30e75c8b84c9d76b2f27bc356e4", size = 1355270, upload-time = "2026-10-02T15:12:29.129Z" },
    { url = "https://files.pythonhosted.org/packages/13/90/eff89965ff164e6dcf71ef87138c007478f746fe6e2c61512338f1538f44/ast_serialize-0.12.0-cp315-abi3.abi3t-musllinux_1_2_aarch64.whl", hash = "sha256:6567bcde8c860473b02321692e469b52f0b367fe83620d392d4e59730d1e2d3f", size = 1459129, upload-time = "2026-10-02T15:12:31.049Z" },
    { url = "https://files.pythonhosted.org/packages/f1/33/e1e0f15eb70cff3ed98fb54044dea1986518bdc06fc7c7e0a1a63e90fc72/ast_serialize-0.12.0-cp315-abi3.abi3t-musllinux_1_2_armv7l.whl", hash = "sha256:abbf4a541a199eece2749afdc5f59bf6ce8a5dbd5e34b0b30d422c8f41cec0a5", size = 1562248, upload-time = "2026-10-02T15:12:32.524Z" },
    { url = "https://files.pythonhosted.org/packages/e2/26/11577d035f2695b97767c1916cf92248f093c1d17a18a7af41867558c6f5/ast_serialize-0.12.0-cp315-abi3.abi3t-musllinux_1_2_i686.whl", hash = "sha256:03d7aba805c74aa3846d2fb1fe936bf2f314230bbde70ca80220b5b27d122989", size = 1557958, upload-time = "2026-10-02T15:12:34.16Z" },
    { url = "https://files.pythonhosted.org/packages/a6/9b/4a655b9ed620cd0f46d378002ed152b5c8c8ef7cbc814e269ad4e328318d/ast_serialize-0.12.0-cp315-abi3.abi3t-musllinux_1_2_ppc64le.whl", hash = "sha256:d6ce59db4f145473f95a35f3c3f45b8c624fb1850bb30394605e779b3a99e645", size = 1666316, upload-time = "2026-10-02T15:12:35.727Z" },
    { url = "https://files.pythonhosted.org/packages/68/c7/e95bbb05f4ed60d53c74addeba4e69b4f2c4f153082f464a87b8ff25730c/ast_serialize-0.12.0-cp315-abi3.abi3t-musllinux_1_2_riscv64.whl", hash = "sha256:f0349e49ec1eca7ec920ff8fa46963c2e39f6074e1d89ed9eae9991b7dd20408", size = 1473235, upload-time = "2026-10-02T15:12:37.274Z" },
    { url = "https://files.pythonhosted.org/packages/08/00/3c31531bc134d2ca5469ec806b0bf13d5efea36185caa876260e673ee1e8/ast_serialize-0.12.0-cp315-abi3.abi3t-musllinux_1_2_x86_64.whl", hash = "sha256:4bedb9759711548f2dd4ab818101f43562a505d0c0a22c2efc614165adb6762c", size = 1500142, upload-time = "2026-10-02T15:12:38.966Z" },
    { url = "https://files.pythonhosted.org/packages/79/32/cecda2cd0b8c03f558156420b50cad4361492fa38f51459ec32012bc0c78/ast_serialize-0.12.0-cp315-abi3.abi3t-win32.whl", hash = "sha256:42b9938a2fe9ba599ccbade23ac425ab518e8d33cb974703825248ebf505dc81", size = 1118354, upload-time = "2026-10-02T15:12:40.448Z" },
    { url = "https://files.pythonhosted.org/packages/bf/eb/e39357346107f7feee8e1c0f3efdfdc75b0966e578c9ec4381cddd6be4b7/ast_serialize-0.12.0-cp315-abi3.abi3t-win_amd64.whl", hash = "sha256:c71c9356b35b7ec286f95a6396ff7a691cbaa8af63ce50fce042ae08bcc2a703", size = 1157486, upload-time = "2026-10-02T15:12:41.905Z" },
    { url = "https://files.pythonhosted.org/packages/f0/2b/8debe6292682a679a113c49ef711f110acabfc7e355a27ac0a4495d2a893/ast_serialize-0.12.0-cp315-abi3.abi3t-win_arm64.whl", hash = "sha256:990cc063985fa6eee99a1d0588c4b8e06eac64599d7878bd8edacbf6aa87415d", size = 1132543, upload-time = "2026-10-02T15:12:43.614Z" },
    { url = "https://files.pythonhosted.org/packages/67/42/41cae0ffc69e560c4b16d366e90860f72ac9bbc95e9da25408015705a563/ast_serialize-0.12.0-cp39-abi3-macosx_10_12_x86_64.whl", hash = "sha256:6e7b33b11bdc74aac4d3e662ee56ad6817005b6df39258a97ad2f4862abe4adc", size = 1240569, upload-time = "2026-10-02T15:12:46.572Z" },
    { url = "https://files.pythonhosted.org/packages/c0/2d/4ad1f00421a90941f866cb9d41070d8fa567ccfe2962f853edfab6860ad5/ast_serialize-0.12.0-cp39-abi3-macosx_11_0_arm64.whl", hash = "sha256:caeadc08694af9ebeed89d9af46e1090930242db4932c90cf41e1deae553a581", size = 1228018, upload-time = "2026-10-02T15:12:48.26Z" },
    { url = "https://files.pythonhosted.org/packages/b9/ca/5da2a47904365bc9d91ef17423abf6818ac7fe90f280e16b2cfa3321cce6/ast_serialize-0.12.0-cp39-abi3-manylinux_2_17_aarch64.manylinux2014_aarch64.whl", hash = "sha256:68d9cda31c399604d7d39d802b00b274e0dd42aa9251743f26b2dcab11cd16b8", size = 1293073, upload-time = "2026-10-02T15:12:49.813Z" },
    { url = "https://files.pythonhosted.org/packages/57/8e/7b665eca0db52693d680bf89e930b42bc0c2e750a31d444855a0c54c1b32/ast_serialize-0.12.0-cp39-abi3-manylinux_2_17_armv7l.manylinux2014_armv7l.whl", hash = "sha256:5cbf413b8cc5fb0be5dee41a46dfbd4ff5fd12004886ae03dc3eff4284b06acf", size = 1294162, upload-time = "2026-10-02T15:12:51.428Z" },
    { url = "https://files.pythonhosted.org/packages/1c/0b/c2a007590011bdd50d494f90c390cf2446b89e4adbb0384599bbdbb7778d/ast_serialize-0.12.0-cp39-abi3-manylinux_2_17_ppc64le.manylinux2014_ppc64le.whl", hash = "sha256:256184893b4e16dba218a68a1e011a4b34cd91dc5932291d67717c34af4bf104", size = 1540932, upload-time = "2026-10-02T15:12:52.925Z" },
    { url = "https://files.pythonhosted.org/packages/1d/5d/1f7dcdb75fc22186e078c5bc331970685844ae9e472cea9710b9e00ccc04/ast_serialize-0.12.0-cp39-abi3-manylinux_2_17_s390x.manylinux2014_s390x.whl", hash = "sha256:5417012ed66a25c670375fc0deec1aae28eeffeb1380dbc29f62d8a7535fc373", size = 1316180, upload-time = "2026-10-02T15:12:54.349Z" },
    { url = "https://files.pythonhosted.org/packages/02/12/ea8eba9943d1417a32f9c3c8933bfd92bf330d9d44ad1b2640930562e760/ast_serialize-0.12.0-cp39-abi3-manylinux_2_17_x86_64.manylinux2014_x86_64.whl", hash = "sha256:151b7aacecd9d95b1cad2301875b8b5d913fad8ab7ce8f6170116983c123592e", size = 1312446, upload-time = "2026-10-02T15:12:56.198Z" },
    { url = "https://files.pythonhosted.org/packages/02/ad/6621b2bb38d76d8c218cc136cb2cda9b4048f57b6664ac3b5473228dc91b/ast_serialize-0.12.0-cp39-abi3-manylinux_2_31_riscv64.whl", hash = "sha256:7d36fe5de4a865b2dd16811dfe7c2334545076d4697271e14ab4a7c8b1ed81cc", size = 1307132, upload-time = "2026-10-02T15:12:58.7Z" },
    { url = "https://files.pythonhosted.org/packages/9e/c5/4e229e563d7f1b2b5180a7954c9073c7c7a82d6f4f6d648401a95ad0f81f/ast_serialize-0.12.0-cp39-abi3-manylinux_2_5_i686.manylinux1_i686.whl", hash = "sha256:d69cb3c0b87ec633e191da343ec33804470a6cc5039e1ee9f151b32f08d93599", size = 1361953, upload-time = "2026-10-02T15:13:00.814Z" },
    { url = "https://files.pythonhosted.org/packages/92/6b/bb8484818f3be1fa35054b5311584779976359d38c973bc0aaf9dd3f81d9/ast_serialize-0.12.0-cp39-abi3-musllinux_1_2_aarch64.whl", hash = "sha256:5b9322cdfc505826729af8847f59ede332deab81eeef84e7f01c1c3ab66864b9", size = 1468964, upload-time = "2026-10-02T15:13:02.774Z" },
    { url = "https://files.pythonhosted.org/packages/23/a6/88d5e4fa423c453e25226d595c253ddcbaa9831038cbb95afd6343fd56e8/ast_serialize-0.12.0-cp39-abi3-musllinux_1_2_armv7l.whl", hash = "sha256:3f3e54db3ab2c3ee7d3917f7394f8eaaf915c44e23e0e5216e68b718a928b4e8", size = 1571209, upload-time = "2026-10-02T15:13:04.274Z" },
    { url = "https://files.pythonhosted.org/packages/ee/98/9b790eb6f59f0f300d57e9199db9ce401c2d2a7b3bc3c0340ddce8802322/ast_serialize-0.12.0-cp39-abi3-musllinux_1_2_i686.whl", hash = "sha256:a5f76fb9c38374c9ebcdcd29e4e8f724eaf591196c9d2081b862a5487d406edd", size = 1567175, upload-time = "2026-10-02T15:13:05.925Z" },
    { url = "https://files.pythonhosted.org/packages/10/d7/c2f0b4011fe3a337f0cf76ce78f6236fd4b6d31874ffd754ac3eff8e23bd/ast_serialize-0.12.0-cp39-abi3-musllinux_1_2_ppc64le.whl", hash = "sha256:48a753fc63c53e5e9c82f157764f5e4fce7187fb8c57a220c3c1c8b262ddabed", size = 1672860, upload-time = "2026-10-02T15:13:07.525Z" },
    { url = "https://files.pythonhosted.org/packages/9b/9c/c416127d1844de1b9b57c41c2614e54ee288ab0ffef8f412682d578d7828/ast_serialize-0.12.0-cp39-abi3-musllinux_1_2_riscv64.whl", hash = "sha256:aa8f16e0e06432d6d276607aeea4532ab4a2af3f1f63bbe47e8eec7771ae137f", size = 1481272, upload-time = "2026-10-02T15:13:09.108Z" },
    { url = "https://files.pythonhosted.org/packages/85/79/08dd6ac52b09d137debb0a5be84a2ebb4ba99e3ce60b12d097e994ada324/ast_serialize-0.12.0-cp39-abi3-musllinux_1_2_x86_64.whl", hash = "sha256:8bf598cf4ca11b76ce788ff0596feec2555a8875dd4bc3f8bb67f9056b0e01b5", size = 1509242, upload-time = "2026-10-02T15:13:10.774Z" },
    { url = "https://files.pythonhosted.org/packages/3f/73/f534b881c99c1267470a68536c395a5a5e1c36dde74b5f498ec88513cfc5/ast_serialize-0.12.0-cp39-abi3-win32.whl", hash = "sha256:a84ad8c86cb3b1afeaa006ac9574d66e255e1bb3048377f6593915fa16002d03", size = 1125756, upload-time = "2026-10-02T15:13:12.484Z" },
    { url = "https://files.pythonhosted.org/packages/aa/58/39afbc3b4bba9d45aa6704cb26390dc07c58ab95c5ff9e19f2f0de23079c/ast_serialize-0.12.0-cp39-abi3-win_amd64.whl", hash = "sha256:7c20ea5edc5824d9215248c76e58f4fe1a4bf1844b7b697daf1cfabfb2d4d79c", size = 1165562, upload-time = "2026-10-02T15:13:13.922Z" },
    { url = "https://files.pythonhosted.org/packages/90/95/952edccca32e34a3e41bfc54398ce60e0d78c82429e8601da20446fa9933/ast_serialize-0.12.0-cp39-abi3-win_arm64.whl", hash = "sha256:549ae89b7b631ce24bc62dc976a8e35445ffd29529df8ec5958e01fb589d938c", size = 1137965, upload-time = "2026-10-02T15:13:15.518Z" },
]

[[package]]
name = "librt"
version = "0.16.0"
source = { registry = "https://pypi.org/simple" }
sdist = { url = "https://files.pythonhosted.org/packages/04/f5/9dc696772d241814bacac7880bac32f2930b5a6ebc1f85317b83161a011c/librt-0.16.0.tar.gz", hash = "sha256:ac38d6d8d66bf3d744148dbbc0b8e193e195a51e364ed55e224631f5721891fc", size = 219839, upload-time = "2026-09-29T00:55:32.891Z" }
wheels = [
    { url = "https://files.pythonhosted.org/packages/ba/0e/b04fd2d76b6a78a02286938251b2c119fb36ddece92c76cb4886ef7d44b8/librt-0.16.0-cp311-cp311-macosx_10_9_x86_64.whl", hash = "sha256:fe4372c52d4849096c6cc1cda2817d293ec51440c890474ed59ef38d46556f18", size = 148058, upload-time = "2026-09-29T00:44:40.903Z" },
    { url = "https://files.pythonhosted.org/packages/a3/fc/e1ed24aadb32d38603c0c07f579d739eb4d90e64e90d525b024e4a999b4d/librt-0.16.0-cp311-cp311-macosx_11_0_arm64.whl", hash = "sha256:c72c5295a84bd249526da9bdca38f2e176d15c31c13bb0063c5053f4ca023421", size = 153073, upload-time = "2026-09-29T00:44:42.165Z" },
    { url = "https://files.pythonhosted.org/packages/be/38/133ab655409420e0c34a9a9836a7f4e5ae75fba758d7fe177099130d58ba/librt-0.16.0-cp311-cp311-manylinux2014_aarch64.manylinux_2_17_aarch64.manylinux_2_28_aarch64.whl", hash = "sha256:be56ba9c884143495b517f23fe794ae367d58cd89ea0fdd6d437e3c024a87f9f", size = 493052, upload-time = "2026-09-29T00:44:44.043Z" },
    { url = "https://files.pythonhosted.org/packages/94/42/aaa663bc9421f5bf7bbbe9d3316d7219749698ec7688ac3b519770a89c04/librt-0.16.0-cp311-cp311-manylinux2014_i686.manylinux_2_17_i686.manylinux_2_28_i686.whl", hash = "sha256:ef46c1a29ffb8c72e882e22618ec618778eacd0578fb22c6e7cf9c11d15f357b", size = 485506, upload-time = "2026-09-29T00:44:45.479Z" },
    { url = "https://files.pythonhosted.org/packages/7b/59/83a6eb5087ba8b45b083859e2085256963e06d4c2531944cdd962670bfb5/librt-0.16.0-cp311-cp311-manylinux2014_ppc64le.manylinux_2_17_ppc64le.manylinux_2_28_ppc64le.whl", hash = "sha256:d3c94211ee0c4f8d649ec06b7c115c0ec4eadb873a0e3154ca15cef3f814b071", size = 498708, upload-time = "2026-09-29T00:44:46.916Z" },
    { url = "https://files.pythonhosted.org/packages/a0/e4/15a8d62b2bc12935080ec7277e2e0b9b233047781eb784a51d3e25af669a/librt-0.16.0-cp311-cp311-manylinux2014_x86_64.manylinux_2_17_x86_64.manylinux_2_28_x86_64.whl", hash = "sha256:94aed6a8308818b91677957d1bd03188869cd7aeb23c5dba7912a6c0402f7602", size = 515981, upload-time = "2026-09-29T00:44:48.316Z" },
    { url = "https://files.pythonhosted.org/packages/46/4f/287cc282ac5dd815204c0779e79401bb0a568c3a1335fb319bf0838fb566/librt-0.16.0-cp311-cp311-manylinux_2_34_riscv64.manylinux_2_39_riscv64.whl", hash = "sha256:349c0bcb87ebd07481b6ff781e25cdc699723dbe2212e57dabb27f7a13b7b87d", size = 508670, upload-time = "2026-09-29T00:44:49.726Z" },
    { url = "https://files.pythonhosted.org/packages/bf/5b/ab7292add898ade0d2b5b75d32a923aae315861671aa5c39f5491309f7ae/librt-0.16.0-cp311-cp311-musllinux_1_2_aarch64.whl", hash = "sha256:001bfd59a7d45b17e3e75f2a8c6405280b35e7b84471792778e718c4f368950e", size = 530393, upload-time = "2026-09-29T00:44:51.356Z" },
    { url = "https://files.pythonhosted.org/packages/7a/9e/8e6bcf027d4bcbc16a4e864b3d158a1d3e5f55ffa53af0238020cad89271/librt-0.16.0-cp311-cp311-musllinux_1_2_i686.whl", hash = "sha256:28e038895b998d7a0c7798922ce8a1dc157675df5cf1c9ef0aca809ed804b7a1", size = 534302, upload-time = "2026-09-29T00:44:52.893Z" },
    { url = "https://files.pythonhosted.org/packages/96/a4/8c5ab4f3b3a8e905ff8305d76976a2e666f52fe049edd398aed2402beb36/librt-0.16.0-cp311-cp311-musllinux_1_2_ppc64le.whl", hash = "sha256:0dbe4096a7ecc00fa835d24510ad8545a4efef738dac96e0e63516783ccde905", size = 536150, upload-time = "2026-09-29T00:44:54.421Z" },
    { url = "https://files.pythonhosted.org/packages/ea/5e/7c4bc267e3cd4b8bd288de9f62d61fff203829c9cc649ea2aa12e9218cf0/librt-0.16.0-cp311-cp311-musllinux_1_2_riscv64.whl", hash = "sha256:5cd5b092441053364af968ea12084692cb9d4a22f3ce9524e377880bf028761e", size = 514316, upload-time = "2026-09-29T00:44:55.998Z" },
    { url = "https://files.pythonhosted.org/packages/e0/75/c8bc6b50f43c73819334233f5a3259c81216742cef56d2140c3dd377c3f0/librt-0.16.0-cp311-cp311-musllinux_1_2_x86_64.whl", hash = "sha256:3ddeb3c9dedb461bb457c6c7d9aa7fbf35329da313d1a7543d00c8d0f3473c96", size = 557731, upload-time = "2026-09-29T00:44:57.581Z" },
    { url = "https://files.pythonhosted.org/packages/93/fb/e241f91bc8de6c7ac1c6a20ea6dd381bc52312b44d711ffcd97140db1e57/librt-0.16.0-cp311-cp311-win32.whl", hash = "sha256:e05108e0849966f53a8d2d3112a7af881d0efaa479bc735bba91108f9f2350a7", size = 104922, upload-time = "2026-09-29T00:44:59.078Z" },
    { url = "https://files.pythonhosted.org/packages/d1/38/c892383d2bb1a6a80b2ec8ede84970a265a792c56614a06282bf3008517c/librt-0.16.0-cp311-cp311-win_amd64.whl", hash = "sha256:5f49cff01bd608ef7d97104cb035c75455e79c2d70bf4a506cf773338ac1860d", size = 125093, upload-time = "2026-09-29T00:49:01.621Z" },
    { url = "https://files.pythonhosted.org/packages/e4/56/8bbde1ed0b21480163617648f638fdaec9374cf5e9c846ebcee34ec02a42/librt-0.16.0-cp311-cp311-win_arm64.whl", hash = "sha256:1d28ae980ae2218f9c5b95d191e947296f918c9bf0b400d467a9430275bbe678", size = 115910, upload-time = "2026-09-29T00:52:40.131Z" },
]

[[package]]
name = "mypy"
version = "2.4.0"
source = { registry = "https://pypi.org/simple" }
dependencies = [
    { name = "ast-serialize" },
    { name = "librt", marker = "platform_python_implementation != 'PyPy'" },
    { name = "mypy-extensions" },
    { name = "pathspec" },
    { name = "typing-extensions" },
]
sdist = { url = "https://files.pythonhosted.org/packages/34/4e/64300736cf0a0373a27b94a91b664ee7382e36f77b0621bae6381da3e180/mypy-2.4.0.tar.gz", hash = "sha256:77bdaebd452f43fcfc4cc3ba94352a3ea537cd01e3f2d0879f48673d2ec00d6e", size = 4064425, upload-time = "2026-10-01T20:40:39.229Z" }
wheels = [
    { url = "https://files.pythonhosted.org/packages/26/67/e53965e67d23d48e78dd603aa7525a8d77e7818c23954cc217ccde5cd5c0/mypy-2.4.0-cp311-cp311-macosx_11_0_arm64.whl", hash = "sha256:5d20e6c7c35fcbf2a0ebdd0eaeacfbc243009dfd33ab7822d54e213912e6dbbd", size = 14315745, upload-time = "2026-10-01T20:39:25.03Z" },
    { url = "https://files.pythonhosted.org/packages/b1/5d/a588ccd57625822d8484d7aff4e9c70f88d042a91c2ec84324a2bc14b3f3/mypy-2.4.0-cp311-cp311-manylinux2014_aarch64.manylinux_2_17_aarch64.manylinux_2_28_aarch64.whl", hash = "sha256:3011537be6cf1de4511c0255a324362a812b58184bbe61e15f59c8b31033bd74", size = 14465652, upload-time = "2026-10-01T20:38:57.19Z" },
    { url = "https://files.pythonhosted.org/packages/05/af/b4978a5566cb829ca563dc08e3ad8d944f116078786ad54ba3dff2bcb64d/mypy-2.4.0-cp311-cp311-manylinux2014_x86_64.manylinux_2_17_x86_64.manylinux_2_28_x86_64.whl", hash = "sha256:a96b07a49b7b1d025ce59c1b3acbcf24bead9a83da4523c4a6bde1bb94e7a0e1", size = 15419180, upload-time = "2026-10-01T20:40:27.808Z" },
    { url = "https://files.pythonhosted.org/packages/b2/8c/52c71f31c54d0a749d832cc73b933c6e38c52d9b270d5503e031c73723dc/mypy-2.4.0-cp311-cp311-musllinux_1_2_x86_64.whl", hash = "sha256:7c4f8f8d1d1c0e2832d8ee7113dd08f6df6c7aad9e863fcbed9f25832be0b8c4", size = 15669212, upload-time = "2026-10-01T20:39:20.443Z" },
    { url = "https://files.pythonhosted.org/packages/e8/55/ba63121494404fd7d3787ec176ccd02820d6ec125ac4e7c4c0b79f2cc6c7/mypy-2.4.0-cp311-cp311-win_amd64.whl", hash = "sha256:ba05652540bf12828e52abae807b024b09ca144ff4f75e2450a81d69c376425b", size = 11299572, upload-time = "2026-10-01T20:40:03.627Z" },
    { url = "https://files.pythonhosted.org/packages/9c/9c/385c81b5c0d3a2917f077c4da660d0493f9521ccfd4b058e33b860f72d02/mypy-2.4.0-cp311-cp311-win_arm64.whl", hash = "sha256:6306086b87cf7f8a29aa618d9fd9bffb56c59247166b9660fdb54d86d7714ecd", size = 10869751, upload-time = "2026-10-01T20:40:25.483Z" },
    { url = "https://files.pythonhosted.org/packages/81/12/46ae8670c98a3cd0286ca5645c2f918f8f6be65edfed81b916010619f668/mypy-2.4.0-py3-none-any.whl", hash = "sha256:d01c5d26a352acc6d5cf3128225477e1e8465e8d3029d4c345807fbf7f3cf093", size = 2800734, upload-time = "2026-10-01T20:39:26.837Z" },
]

[[package]]
name = "mypy-extensions"
version = "1.1.0"
source = { registry = "https://pypi.org/simple" }
sdist = { url = "https://files.pythonhosted.org/packages/a2/6e/371856a3fb9d31ca8dac321cda606860fa4548858c0cc45d9d1d4ca2628b/mypy_extensions-1.1.0.tar.gz", hash = "sha256:52e68efc3284861e772bbcd66823fde5ae21fd2fdb51c62a211403730b916558", size = 6343, upload-time = "2025-04-22T14:54:24.164Z" }
wheels = [
    { url = "https://files.pythonhosted.org/packages/79/7b/2c79738432f5c924bef5071f933bcc9efd0473bac3b4aa584a6f7c1c8df8/mypy_extensions-1.1.0-py3-none-any.whl", hash = "sha256:1be4cccdb0f2482337c4743e60421de3a356cd97508abadd57d47403e94f5505", size = 4963, upload-time = "2025-04-22T14:54:22.983Z" },
]

[[package]]
name = "pathspec"
version = "1.1.1"
source = { registry = "https://pypi.org/simple" }
sdist = { url = "https://files.pythonhosted.org/packages/5a/82/42f767fc1c1143d6fd36efb827202a2d997a375e160a71eb2888a925aac1/pathspec-1.1.1.tar.gz", hash = "sha256:17db5ecd524104a120e173814c90367a96a98d07c45b2e10c2f3919fff91bf5a", size = 135180, upload-time = "2026-04-27T01:46:08.907Z" }
wheels = [
    { url = "https://files.pythonhosted.org/packages/f1/d9/7fb5aa316bc299258e68c73ba3bddbc499654a07f151cba08f6153988714/pathspec-1.1.1-py3-none-any.whl", hash = "sha256:a00ce642f577bf7f473932318056212bc4f8bfdf53128c78bbd5af0b9b20b189", size = 57328, upload-time = "2026-04-27T01:46:07.06Z" },
]

[[package]]
name = "protobuf"
version = "6.33.5"
source = { registry = "https://pypi.org/simple" }
sdist = { url = "https://files.pythonhosted.org/packages/ba/25/7c72c307aafc96fa87062aa6291d9f7c94836e43214d43722e86037aac02/protobuf-6.33.5.tar.gz", hash = "sha256:6ddcac2a081f8b7b9642c09406bc6a4290128fce5f471cddd165960bb9119e5c", size = 444465, upload-time = "2026-01-29T21:51:33.494Z" }
wheels = [
    { url = "https://files.pythonhosted.org/packages/b1/79/af92d0a8369732b027e6d6084251dd8e782c685c72da161bd4a2e00fbabb/protobuf-6.33.5-cp310-abi3-win32.whl", hash = "sha256:d71b040839446bac0f4d162e758bea99c8251161dae9d0983a3b88dee345153b", size = 425769, upload-time = "2026-01-29T21:51:21.751Z" },
    { url = "https://files.pythonhosted.org/packages/55/75/bb9bc917d10e9ee13dee8607eb9ab963b7cf8be607c46e7862c748aa2af7/protobuf-6.33.5-cp310-abi3-win_amd64.whl", hash = "sha256:3093804752167bcab3998bec9f1048baae6e29505adaf1afd14a37bddede533c", size = 437118, upload-time = "2026-01-29T21:51:24.022Z" },
    { url = "https://files.pythonhosted.org/packages/a2/6b/e48dfc1191bc5b52950246275bf4089773e91cb5ba3592621723cdddca62/protobuf-6.33.5-cp39-abi3-macosx_10_9_universal2.whl", hash = "sha256:a5cb85982d95d906df1e2210e58f8e4f1e3cdc088e52c921a041f9c9a0386de5", size = 427766, upload-time = "2026-01-29T21:51:25.413Z" },
    { url = "https://files.pythonhosted.org/packages/4e/b1/c79468184310de09d75095ed1314b839eb2f72df71097db9d1404a1b2717/protobuf-6.33.5-cp39-abi3-manylinux2014_aarch64.whl", hash = "sha256:9b71e0281f36f179d00cbcb119cb19dec4d14a81393e5ea220f64b286173e190", size = 324638, upload-time = "2026-01-29T21:51:26.423Z" },
    { url = "https://files.pythonhosted.org/packages/c5/f5/65d838092fd01c44d16037953fd4c2cc851e783de9b8f02b27ec4ffd906f/protobuf-6.33.5-cp39-abi3-manylinux2014_s390x.whl", hash = "sha256:8afa18e1d6d20af15b417e728e9f60f3aa108ee76f23c3b2c07a2c3b546d3afd", size = 339411, upload-time = "2026-01-29T21:51:27.446Z" },
    { url = "https://files.pythonhosted.org/packages/9b/53/a9443aa3ca9ba8724fdfa02dd1887c1bcd8e89556b715cfbacca6b63dbec/protobuf-6.33.5-cp39-abi3-manylinux2014_x86_64.whl", hash = "sha256:cbf16ba3350fb7b889fca858fb215967792dc125b35c7976ca4818bee3521cf0", size = 323465, upload-time = "2026-01-29T21:51:28.925Z" },
    { url = "https://files.pythonhosted.org/packages/57/bf/2086963c69bdac3d7cff1cc7ff79b8ce5ea0bec6797a017e1be338a46248/protobuf-6.33.5-py3-none-any.whl", hash = "sha256:69915a973dd0f60f31a08b8318b73eab2bd6a392c79184b3612226b0a3f8ec02", size = 170687, upload-time = "2026-01-29T21:51:32.557Z" },
]

[[package]]
name = "ruff"
version = "0.16.2"
source = { registry = "https://pypi.org/simple" }
sdist = { url = "https://files.pythonhosted.org/packages/73/e1/4508a569211b35599016e84ba65c1a992b7a4004b4b6c4bea02a851cba1b/ruff-0.16.2.tar.gz", hash = "sha256:c3d7828d12e8927a6fc65fe38e2c2541b9e762d360a1786d752cb1b8883b3c9c", size = 4885811, upload-time = "2026-08-07T13:31:01.432Z" }
wheels = [
    { url = "https://files.pythonhosted.org/packages/14/57/db19951540f98859c956b50bdb4d31089b4d91e9f15e2968e7d5193806d5/ruff-0.16.2-py3-none-linux_armv6l.whl", hash = "sha256:3c8de4cf2181f01d57946d87d777aa52916976fc09942aed89938fab5e013318", size = 10847925, upload-time = "2026-08-07T13:30:14.468Z" },
    { url = "https://files.pythonhosted.org/packages/13/5a/995fe85a8470d3e391ac0f7fa8054bb454eaf33ee138196d6172ed1079c0/ruff-0.16.2-py3-none-macosx_10_12_x86_64.whl", hash = "sha256:9a48cc05c6fbc811ca81b5d7ba95375affea6582d1b8024e455e41afbbf55344", size = 11072662, upload-time = "2026-08-07T13:30:18.143Z" },
    { url = "https://files.pythonhosted.org/packages/32/53/370d767c61c71a971a4ace36703a7ecd8c393956349a7325d7fab2b56827/ruff-0.16.2-py3-none-macosx_11_0_arm64.whl", hash = "sha256:a2c0d14fcbb26c91f0f867a6dc9bd71bbc30b1b6151829c884f23faeab2e5700", size = 10566771, upload-time = "2026-08-07T13:30:20.899Z" },
    { url = "https://files.pythonhosted.org/packages/85/d6/9d96948caf5a632be62d62202d5ec914d6856f204fd79eb036e5915e79ea/ruff-0.16.2-py3-none-manylinux_2_17_aarch64.manylinux2014_aarch64.whl", hash = "sha256:335c621622c4650330be50842561c6586ac6971bb8ab5407fe34dcc9efb16bbe", size = 10975825, upload-time = "2026-08-07T13:30:23.517Z" },
    { url = "https://files.pythonhosted.org/packages/3b/92/ea87129b3414acb0b5770563779c51804d37ac67675c7ba35447ddb14773/ruff-0.16.2-py3-none-manylinux_2_17_armv7l.manylinux2014_armv7l.whl", hash = "sha256:20e66910f2c37cc753f9ef6580c914a621b80c4fa3549d3e3521e29d0f5bfc3f", size = 10649437, upload-time = "2026-08-07T13:30:26.097Z" },
    { url = "https://files.pythonhosted.org/packages/ac/43/f8f291dcd4af5bb7872b74fdfa41a7cd7c856ca1d4069670971cf1b9f5cb/ruff-0.16.2-py3-none-manylinux_2_17_i686.manylinux2014_i686.whl", hash = "sha256:c7e36fbfba65510548156902bcf1350a979a958ce0347ce0f90d73894036b39f", size = 11446761, upload-time = "2026-08-07T13:30:28.752Z" },
    { url = "https://files.pythonhosted.org/packages/71/4a/ef991fb2fcf516ab71f0808adcdd8da5e18c8cde447f4ceaf5f47a5132a5/ruff-0.16.2-py3-none-manylinux_2_17_ppc64le.manylinux2014_ppc64le.whl", hash = "sha256:f0eab35f80df8f134aae5d1630e751901321d317cc8e50dc39e36fa3ed34cd12", size = 12336364, upload-time = "2026-08-07T13:30:31.468Z" },
    { url = "https://files.pythonhosted.org/packages/f3/24/f615e74f307e6ca0e56a482872477b856c70d530aa356abfb6dfe5ca8a80/ruff-0.16.2-py3-none-manylinux_2_17_s390x.manylinux2014_s390x.whl", hash = "sha256:40ea8c0594feb894e89c8c61ab9c103d38b0ea72dfde6c594107147ca31b1140", size = 11630720, upload-time = "2026-08-07T13:30:34.426Z" },
    { url = "https://files.pythonhosted.org/packages/c5/d3/8ef50149e8412a77f7ab409efdef0e2b23803707a3863da4fc64cb23d459/ruff-0.16.2-py3-none-manylinux_2_17_x86_64.manylinux2014_x86_64.whl", hash = "sha256:ab3d62dde0b19facdd632008cc4827fc28ada7736c6bd35ab6f1050f0bfed53f", size = 11466130, upload-time = "2026-08-07T13:30:36.958Z" },
    { url = "https://files.pythonhosted.org/packages/dd/a7/a19334985c4dea8c381981fa252cd854c7ee52dc4b1686dc16f4a911c702/ruff-0.16.2-py3-none-manylinux_2_31_riscv64.whl", hash = "sha256:e43e1f5b8388da9eca1b9e88328d47a5cec794633ccf6f7484ac2dd15eee92c0", size = 11523634, upload-time = "2026-08-07T13:30:39.822Z" },
    { url = "https://files.pythonhosted.org/packages/6e/6c/96d192b0e742412ceda08c0a50f9669b253dde9fd6a60ea1a10c9fa79a63/ruff-0.16.2-py3-none-musllinux_1_2_aarch64.whl", hash = "sha256:c24788a980581e1d7ea3a0cbe4344c4fbeb0a6a9b1f4713aa46bb104f8294690", size = 10949807, upload-time = "2026-08-07T13:30:42.745Z" },
    { url = "https://files.pythonhosted.org/packages/fa/51/e26599ceca11e79ee255c7df515995561edf87e9ca1893284e44d98f5a86/ruff-0.16.2-py3-none-musllinux_1_2_armv7l.whl", hash = "sha256:81806b08329130005dd4a8a8394a0c9da8c6f4cafb16ba438d2a2ee6a18bedf1", size = 10646891, upload-time = "2026-08-07T13:30:45.522Z" },
    { url = "https://files.pythonhosted.org/packages/68/01/800c4b1f97bc8d7c6029e06b1f20473a3cf1e13c4933d8f3342add83fc55/ruff-0.16.2-py3-none-musllinux_1_2_i686.whl", hash = "sha256:4ce4e02bad779bef557f541a1b31f20d6abeae1cc05ed1b1ac019d4ffd1044c8", size = 11162063, upload-time = "2026-08-07T13:30:48.131Z" },
    { url = "https://files.pythonhosted.org/packages/e4/d0/1477ea50fc5a0d4b0b71d1d63d50770bdd794d90b43e37a7618e63ec9894/ruff-0.16.2-py3-none-musllinux_1_2_x86_64.whl", hash = "sha256:e0422abdf70070255fc4073ce9dfc814cc03db577013761ddd09bc1e4a9a4fbd", size = 11556038, upload-time = "2026-08-07T13:30:50.686Z" },
    { url = "https://files.pythonhosted.org/packages/b8/76/a7776f32048d991e16d4fa8ff91790b877342d3596cc3ed04acdbf1aaedc/ruff-0.16.2-py3-none-win32.whl", hash = "sha256:bf3a63d78fb39f4bf5ac8ae52051c5520505301abe19ba4e204c453b3f09bb0b", size = 10872850, upload-time = "2026-08-07T13:30:53.471Z" },
    { url = "https://files.pythonhosted.org/packages/00/0d/929c800d920e61397d82a01b60bffc68da3052c17d31de59efaad2e4ed75/ruff-0.16.2-py3-none-win_amd64.whl", hash = "sha256:bcabe2f6d0fc7819f1431793005af4e4de7371927d037345bf941252b195b9fa", size = 12023338, upload-time = "2026-08-07T13:30:56.193Z" },
    { url = "https://files.pythonhosted.org/packages/5b/6c/93e26c22c5f78ff87363e07da49c84955affbeb1098bd1936bf3b3f293bf/ruff-0.16.2-py3-none-win_arm64.whl", hash = "sha256:d614e95cedf38a2053fd351c55b103ba30d017d61688fdbfd40ee0412852a99f", size = 11374065, upload-time = "2026-08-07T13:30:58.775Z" },
]

[[package]]
name = "spacewave-resource"
version = "0.0.0"
source = { editable = "." }
dependencies = [
    { name = "starpc" },
]

[package.dev-dependencies]
dev = [
    { name = "mypy" },
    { name = "starpc-python-plugin" },
    { name = "types-protobuf" },
]

[package.metadata]
requires-dist = [{ name = "starpc", git = "https://github.com/aperturerobotics/starpc.git?rev=60aebb7f3a140f0772a63269afce10859d45b27f" }]

[package.metadata.requires-dev]
dev = [
    { name = "mypy", specifier = "==2.4.0" },
    { name = "starpc-python-plugin", git = "https://github.com/aperturerobotics/starpc.git?subdirectory=python%2Fplugin&rev=60aebb7f3a140f0772a63269afce10859d45b27f" },
    { name = "types-protobuf", specifier = "==7.35.1.20260906" },
]

[[package]]
name = "starpc"
version = "0.52.0"
source = { git = "https://github.com/aperturerobotics/starpc.git?rev=60aebb7f3a140f0772a63269afce10859d45b27f#60aebb7f3a140f0772a63269afce10859d45b27f" }
dependencies = [
    { name = "protobuf" },
]

[[package]]
name = "starpc-python-plugin"
version = "0.52.0"
source = { git = "https://github.com/aperturerobotics/starpc.git?subdirectory=python%2Fplugin&rev=60aebb7f3a140f0772a63269afce10859d45b27f#60aebb7f3a140f0772a63269afce10859d45b27f" }
dependencies = [
    { name = "protobuf" },
    { name = "ruff" },
]

[[package]]
name = "types-protobuf"
version = "7.35.1.20260906"
source = { registry = "https://pypi.org/simple" }
sdist = { url = "https://files.pythonhosted.org/packages/e1/6c/e3e5b3e10bc328126a39637c138f9ebfd734bf14342b9f3540039b4ab995/types_protobuf-7.35.1.20260906.tar.gz", hash = "sha256:efd1a3862d4c967dad5512ef8d56b1530ac84f182c41735b94004756518c4998", size = 69895, upload-time = "2026-09-06T06:35:28.308Z" }
wheels = [
    { url = "https://files.pythonhosted.org/packages/44/4e/f63e826c68f77ef875506d72f225918800346545ee99847bc28f3394f18d/types_protobuf-7.35.1.20260906-py3-none-any.whl", hash = "sha256:5155e48569e0dabff303fdf578db96cd31ea9a4a63b18018a4ceac6b0ae17462", size = 86419, upload-time = "2026-09-06T06:35:27.247Z" },
]

[[package]]
name = "typing-extensions"
version = "4.16.0"
source = { registry = "https://pypi.org/simple" }
sdist = { url = "https://files.pythonhosted.org/packages/f6/cc/6253133b5bb138fc3306cebfbda2c520f545d36b5be2c7255cc528bb45d6/typing_extensions-4.16.0.tar.gz", hash = "sha256:dc983d19a509c94dba722ee6abd33940f7c05a89e243c47e907eb4db6f1a43e5", size = 113555, upload-time = "2026-07-02T08:40:05.92Z" }
wheels = [
    { url = "https://files.pythonhosted.org/packages/49/d3/b8441a820a491ddfc024b0b0cf0393375b75ea13866d9c66727e54c2fc80/typing_extensions-4.16.0-py3-none-any.whl", hash = "sha256:481caa481374e813c1b176ada14e97f1f67a4539ce9cfeb3f350d78d6370c2e8", size = 45571, upload-time = "2026-07-02T08:40:04.659Z" },
]
