# THIS IS AN AUTOGENERATED FILE. DO NOT EDIT THIS FILE DIRECTLY.
# yarn lockfile v1


"@bjorn3/browser_wasi_shim@^0.4.0":
  version "0.4.2"
  resolved "https://registry.yarnpkg.com/@bjorn3/browser_wasi_shim/-/browser_wasi_shim-0.4.2.tgz#7419f414ec01521653f1863b737d1f03e3e94725"
  integrity sha512-/iHkCVUG3VbcbmEHn5iIUpIrh7a7WPiwZ3sHy4HZKZzBdSadwdddYDZAII2zBvQYV0Lfi8naZngPCN7WPHI/hA==

xterm-addon-fit@^0.8.0:
  version "0.8.0"
  resolved "https://registry.yarnpkg.com/xterm-addon-fit/-/xterm-addon-fit-0.8.0.tgz#48ca99015385141918f955ca7819e85f3691d35f"
  integrity sha512-yj3Np7XlvxxhYF/EJ7p3KHaMt6OdwQ+HDu573Vx1lRXsVxOcnVJs51RgjZOouIZOczTsskaS+CpXspK81/DLqw==

xterm@^5.3.0:
  version "5.3.0"
  resolved "https://registry.yarnpkg.com/xterm/-/xterm-5.3.0.tgz#867daf9cc826f3d45b5377320aabd996cb0fce46"
  integrity sha512-8QqjlekLUFTrU6x7xck1MsPzPA571K5zNqWm0M0oroYEWVOptZ0+ubQSkQ3uxIEhcIHRujJy6emDWX4A7qyFzg==
